
Microsoft Visual Studio Solution File, Format Version 12.00
# Visual Studio Version 16
VisualStudioVersion = 16.0.29920.165
MinimumVisualStudioVersion = 10.0.40219.1
Project("{FAE04EC0-301F-11D3-BF4B-00C04F79EFBC}") = "WamlDesign", "WamlDesign.csproj", "{CAC39413-3D2E-4195-8488-FB2B22034636}"
EndProject
Project("{FAE04EC0-301F-11D3-BF4B-00C04F79EFBC}") = "WamlDesign.Demo", "..\WamlDesign.Demo\WamlDesign.Demo.csproj", "{17E49914-6AE7-43E2-9F46-429C69F6B9BD}"
EndProject
Global
	GlobalSection(SolutionConfigurationPlatforms) = preSolution
		Debug|Any CPU = Debug|Any CPU
		Release|Any CPU = Release|Any CPU
	EndGlobalSection
	GlobalSection(ProjectConfigurationPlatforms) = postSolution
		{CAC39413-3D2E-4195-8488-FB2B22034636}.Debug|Any CPU.ActiveCfg = Debug|Any CPU
		{CAC39413-3D2E-4195-8488-FB2B22034636}.Debug|Any CPU.Build.0 = Debug|Any CPU
		{CAC39413-3D2E-4195-8488-FB2B22034636}.Release|Any CPU.ActiveCfg = Release|Any CPU
		{CAC39413-3D2E-4195-8488-FB2B22034636}.Release|Any CPU.Build.0 = Release|Any CPU
		{17E49914-6AE7-43E2-9F46-429C69F6B9BD}.Debug|Any CPU.ActiveCfg = Debug|Any CPU
		{17E49914-6AE7-43E2-9F46-429C69F6B9BD}.Debug|Any CPU.Build.0 = Debug|Any CPU
		{17E49914-6AE7-43E2-9F46-429C69F6B9BD}.Release|Any CPU.ActiveCfg = Release|Any CPU
		{17E49914-6AE7-43E2-9F46-429C69F6B9BD}.Release|Any CPU.Build.0 = Release|Any CPU
	EndGlobalSection
	GlobalSection(SolutionProperties) = preSolution
		HideSolutionNode = FALSE
	EndGlobalSection
	GlobalSection(ExtensibilityGlobals) = postSolution
		SolutionGuid = {77A5D28F-38F3-4B28-BCBC-0C39F4765FCF}
	EndGlobalSection
EndGlobal
